
Microsoft Visual Studio Solution File, Format Version 12.00
# Visual Studio Version 16
VisualStudioVersion = 16.0.30804.86
MinimumVisualStudioVersion = 10.0.40219.1
Project("{FAE04EC0-301F-11D3-BF4B-00C04F79EFBC}") = "ペンギンのアプリ", "ペンギンのアプリ\ペンギンのアプリ.csproj", "{B9524480-0424-4317-BE82-C112B2B7170D}"
EndProject
Global
	GlobalSection(SolutionConfigurationPlatforms) = preSolution
		Debug|Any CPU = Debug|Any CPU
		Release|Any CPU = Release|Any CPU
	EndGlobalSection
	GlobalSection(ProjectConfigurationPlatforms) = postSolution
		{B9524480-0424-4317-BE82-C112B2B7170D}.Debug|Any CPU.ActiveCfg = Debug|Any CPU
		{B9524480-0424-4317-BE82-C112B2B7170D}.Debug|Any CPU.Build.0 = Debug|Any CPU
		{B9524480-0424-4317-BE82-C112B2B7170D}.Release|Any CPU.ActiveCfg = Release|Any CPU
		{B9524480-0424-4317-BE82-C112B2B7170D}.Release|Any CPU.Build.0 = Release|Any CPU
	EndGlobalSection
	GlobalSection(SolutionProperties) = preSolution
		HideSolutionNode = FALSE
	EndGlobalSection
	GlobalSection(ExtensibilityGlobals) = postSolution
		SolutionGuid = {9A5D1519-B52E-47C6-A285-66FCF9A22613}
	EndGlobalSection
EndGlobal
